// !$*UTF8*$!
{
	archiveVersion = 1;
	classes = {
	};
	objectVersion = 50;
	objects = {

/* Begin PBXBuildFile section */
		189ABC28244556B2004B50AE /* XSBase.h in Headers */ = {isa = PBXBuildFile; fileRef = 189ABC26244556B2004B50AE /* XSBase.h */; settings = {ATTRIBUTES = (Public, ); }; };
		189ABC3124455706004B50AE /* XSExtension.swift in Sources */ = {isa = PBXBuildFile; fileRef = 189ABC3024455706004B50AE /* XSExtension.swift */; };
		189ABC3324455735004B50AE /* XSConst.swift in Sources */ = {isa = PBXBuildFile; fileRef = 189ABC3224455735004B50AE /* XSConst.swift */; };
		189ABC3524455809004B50AE /* XSViewController.swift in Sources */ = {isa = PBXBuildFile; fileRef = 189ABC3424455809004B50AE /* XSViewController.swift */; };
		189ABC412446DB4B004B50AE /* XSTabbleViewController.swift in Sources */ = {isa = PBXBuildFile; fileRef = 189ABC402446DB4B004B50AE /* XSTabbleViewController.swift */; };
		189ABC432446E5B4004B50AE /* XSWebViewController.swift in Sources */ = {isa = PBXBuildFile; fileRef = 189ABC422446E5B4004B50AE /* XSWebViewController.swift */; };
		D8E160FEF2ABFD1B0B050573 /* Pods_XSBase.framework in Frameworks */ = {isa = PBXBuildFile; fileRef = BC92A0B601EC54E8BE18E0AD /* Pods_XSBase.framework */; };
/* End PBXBuildFile section */

/* Begin PBXFileReference section */
		189ABC23244556B2004B50AE /* XSBase.framework */ = {isa = PBXFileReference; explicitFileType = wrapper.framework; includeInIndex = 0; path = XSBase.framework; sourceTree = BUILT_PRODUCTS_DIR; };
		189ABC26244556B2004B50AE /* XSBase.h */ = {isa = PBXFileReference; lastKnownFileType = sourcecode.c.h; path = XSBase.h; sourceTree = "<group>"; };
		189ABC27244556B2004B50AE /* Info.plist */ = {isa = PBXFileReference; lastKnownFileType = text.plist.xml; path = Info.plist; sourceTree = "<group>"; };
		189ABC3024455706004B50AE /* XSExtension.swift */ = {isa = PBXFileReference; lastKnownFileType = sourcecode.swift; path = XSExtension.swift; sourceTree = "<group>"; };
		189ABC3224455735004B50AE /* XSConst.swift */ = {isa = PBXFileReference; lastKnownFileType = sourcecode.swift; path = XSConst.swift; sourceTree = "<group>"; };
		189ABC3424455809004B50AE /* XSViewController.swift */ = {isa = PBXFileReference; lastKnownFileType = sourcecode.swift; path = XSViewController.swift; sourceTree = "<group>"; };
		189ABC402446DB4B004B50AE /* XSTabbleViewController.swift */ = {isa = PBXFileReference; lastKnownFileType = sourcecode.swift; path = XSTabbleViewController.swift; sourceTree = "<group>"; };
		189ABC422446E5B4004B50AE /* XSWebViewController.swift */ = {isa = PBXFileReference; lastKnownFileType = sourcecode.swift; path = XSWebViewController.swift; sourceTree = "<group>"; };
		B3E5C387E47EF8E36562F13F /* Pods-XSBase.debug.xcconfig */ = {isa = PBXFileReference; includeInIndex = 1; lastKnownFileType = text.xcconfig; name = "Pods-XSBase.debug.xcconfig"; path = "Target Support Files/Pods-XSBase/Pods-XSBase.debug.xcconfig"; sourceTree = "<group>"; };
		BC92A0B601EC54E8BE18E0AD /* Pods_XSBase.framework */ = {isa = PBXFileReference; explicitFileType = wrapper.framework; includeInIndex = 0; path = Pods_XSBase.framework; sourceTree = BUILT_PRODUCTS_DIR; };
		E37561300DB54E932CCEA1A4 /* Pods-XSBase.release.xcconfig */ = {isa = PBXFileReference; includeInIndex = 1; lastKnownFileType = text.xcconfig; name = "Pods-XSBase.release.xcconfig"; path = "Target Support Files/Pods-XSBase/Pods-XSBase.release.xcconfig"; sourceTree = "<group>"; };
/* End PBXFileReference section */

/* Begin PBXFrameworksBuildPhase section */
		189ABC20244556B2004B50AE /* Frameworks */ = {
			isa = PBXFrameworksBuildPhase;
			buildActionMask = 2147483647;
			files = (
				D8E160FEF2ABFD1B0B050573 /* Pods_XSBase.framework in Frameworks */,
			);
			runOnlyForDeploymentPostprocessing = 0;
		};
/* End PBXFrameworksBuildPhase section */

/* Begin PBXGroup section */
		189ABC19244556B2004B50AE = {
			isa = PBXGroup;
			children = (
				189ABC25244556B2004B50AE /* XSBase */,
				189ABC24244556B2004B50AE /* Products */,
				EDEE0F4AF0C3BB01A388AC1D /* Pods */,
				BFAC798633B78D7D44D63C6B /* Frameworks */,
			);
			sourceTree = "<group>";
		};
		189ABC24244556B2004B50AE /* Products */ = {
			isa = PBXGroup;
			children = (
				189ABC23244556B2004B50AE /* XSBase.framework */,
			);
			name = Products;
			sourceTree = "<group>";
		};
		189ABC25244556B2004B50AE /* XSBase */ = {
			isa = PBXGroup;
			children = (
				189ABC26244556B2004B50AE /* XSBase.h */,
				189ABC3224455735004B50AE /* XSConst.swift */,
				189ABC3024455706004B50AE /* XSExtension.swift */,
				189ABC3424455809004B50AE /* XSViewController.swift */,
				189ABC422446E5B4004B50AE /* XSWebViewController.swift */,
				189ABC402446DB4B004B50AE /* XSTabbleViewController.swift */,
				189ABC27244556B2004B50AE /* Info.plist */,
			);
			path = XSBase;
			sourceTree = "<group>";
		};
		BFAC798633B78D7D44D63C6B /* Frameworks */ = {
			isa = PBXGroup;
			children = (
				BC92A0B601EC54E8BE18E0AD /* Pods_XSBase.framework */,
			);
			name = Frameworks;
			sourceTree = "<group>";
		};
		EDEE0F4AF0C3BB01A388AC1D /* Pods */ = {
			isa = PBXGroup;
			children = (
				B3E5C387E47EF8E36562F13F /* Pods-XSBase.debug.xcconfig */,
				E37561300DB54E932CCEA1A4 /* Pods-XSBase.release.xcconfig */,
			);
			name = Pods;
			path = ../Pods;
			sourceTree = "<group>";
		};
/* End PBXGroup section */

/* Begin PBXHeadersBuildPhase section */
		189ABC1E244556B2004B50AE /* Headers */ = {
			isa = PBXHeadersBuildPhase;
			buildActionMask = 2147483647;
			files = (
				189ABC28244556B2004B50AE /* XSBase.h in Headers */,
			);
			runOnlyForDeploymentPostprocessing = 0;
		};
/* End PBXHeadersBuildPhase section */

/* Begin PBXNativeTarget section */
		189ABC22244556B2004B50AE /* XSBase */ = {
			isa = PBXNativeTarget;
			buildConfigurationList = 189ABC2B244556B2004B50AE /* Build configuration list for PBXNativeTarget "XSBase" */;
			buildPhases = (
				6DB99A836A964367674D6FF0 /* [CP] Check Pods Manifest.lock */,
				189ABC1E244556B2004B50AE /* Headers */,
				189ABC1F244556B2004B50AE /* Sources */,
				189ABC20244556B2004B50AE /* Frameworks */,
				189ABC21244556B2004B50AE /* Resources */,
			);
			buildRules = (
			);
			dependencies = (
			);
			name = XSBase;
			productName = XSBase;
			productReference = 189ABC23244556B2004B50AE /* XSBase.framework */;
			productType = "com.apple.product-type.framework";
		};
/* End PBXNativeTarget section */

/* Begin PBXProject section */
		189ABC1A244556B2004B50AE /* Project object */ = {
			isa = PBXProject;
			attributes = {
				LastUpgradeCheck = 1140;
				ORGANIZATIONNAME = hxxxs;
				TargetAttributes = {
					189ABC22244556B2004B50AE = {
						CreatedOnToolsVersion = 11.4;
						LastSwiftMigration = 1140;
					};
				};
			};
			buildConfigurationList = 189ABC1D244556B2004B50AE /* Build configuration list for PBXProject "XSBase" */;
			compatibilityVersion = "Xcode 9.3";
			developmentRegion = en;
			hasScannedForEncodings = 0;
			knownRegions = (
				en,
				Base,
			);
			mainGroup = 189ABC19244556B2004B50AE;
			productRefGroup = 189ABC24244556B2004B50AE /* Products */;
			projectDirPath = "";
			projectRoot = "";
			targets = (
				189ABC22244556B2004B50AE /* XSBase */,
			);
		};
/* End PBXProject section */

/* Begin PBXResourcesBuildPhase section */
		189ABC21244556B2004B50AE /* Resources */ = {
			isa = PBXResourcesBuildPhase;
			buildActionMask = 2147483647;
			files = (
			);
			runOnlyForDeploymentPostprocessing = 0;
		};
/* End PBXResourcesBuildPhase section */

/* Begin PBXShellScriptBuildPhase section */
		6DB99A836A964367674D6FF0 /* [CP] Check Pods Manifest.lock */ = {
			isa = PBXShellScriptBuildPhase;
			buildActionMask = 2147483647;
			files = (
			);
			inputFileListPaths = (
			);
			inputPaths = (
				"${PODS_PODFILE_DIR_PATH}/Podfile.lock",
				"${PODS_ROOT}/Manifest.lock",
			);
			name = "[CP] Check Pods Manifest.lock";
			outputFileListPaths = (
			);
			outputPaths = (
				"$(DERIVED_FILE_DIR)/Pods-XSBase-checkManifestLockResult.txt",
			);
			runOnlyForDeploymentPostprocessing = 0;
			shellPath = /bin/sh;
			shellScript = "diff \"${PODS_PODFILE_DIR_PATH}/Podfile.lock\" \"${PODS_ROOT}/Manifest.lock\" > /dev/null\nif [ $? != 0 ] ; then\n    # print error to STDERR\n    echo \"error: The sandbox is not in sync with the Podfile.lock. Run 'pod install' or update your CocoaPods installation.\" >&2\n    exit 1\nfi\n# This output is used by Xcode 'outputs' to avoid re-running this script phase.\necho \"SUCCESS\" > \"${SCRIPT_OUTPUT_FILE_0}\"\n";
			showEnvVarsInLog = 0;
		};
/* End PBXShellScriptBuildPhase section */

/* Begin PBXSourcesBuildPhase section */
		189ABC1F244556B2004B50AE /* Sources */ = {
			isa = PBXSourcesBuildPhase;
			buildActionMask = 2147483647;
			files = (
				189ABC3524455809004B50AE /* XSViewController.swift in Sources */,
				189ABC3324455735004B50AE /* XSConst.swift in Sources */,
				189ABC3124455706004B50AE /* XSExtension.swift in Sources */,
				189ABC432446E5B4004B50AE /* XSWebViewController.swift in Sources */,
				189ABC412446DB4B004B50AE /* XSTabbleViewController.swift in Sources */,
			);
			runOnlyForDeploymentPostprocessing = 0;
		};
/* End PBXSourcesBuildPhase section */

/* Begin XCBuildConfiguration section */
		189ABC29244556B2004B50AE /* Debug */ = {
			isa = XCBuildConfiguration;
			buildSettings = {
				ALWAYS_SEARCH_USER_PATHS = NO;
				CLANG_ANALYZER_NONNULL = YES;
				CLANG_ANALYZER_NUMBER_OBJECT_CONVERSION = YES_AGGRESSIVE;
				CLANG_CXX_LANGUAGE_STANDARD = "gnu++14";
				CLANG_CXX_LIBRARY = "libc++";
				CLANG_ENABLE_MODULES = YES;
				CLANG_ENABLE_OBJC_ARC = YES;
				CLANG_ENABLE_OBJC_WEAK = YES;
				CLANG_WARN_BLOCK_CAPTURE_AUTORELEASING = YES;
				CLANG_WARN_BOOL_CONVERSION = YES;
				CLANG_WARN_COMMA = YES;
				CLANG_WARN_CONSTANT_CONVERSION = YES;
				CLANG_WARN_DEPRECATED_OBJC_IMPLEMENTATIONS = YES;
				CLANG_WARN_DIRECT_OBJC_ISA_USAGE = YES_ERROR;
				CLANG_WARN_DOCUMENTATION_COMMENTS = YES;
				CLANG_WARN_EMPTY_BODY = YES;
				CLANG_WARN_ENUM_CONVERSION = YES;
				CLANG_WARN_INFINITE_RECURSION = YES;
				CLANG_WARN_INT_CONVERSION = YES;
				CLANG_WARN_NON_LITERAL_NULL_CONVERSION = YES;
				CLANG_WARN_OBJC_IMPLICIT_RETAIN_SELF = YES;
				CLANG_WARN_OBJC_LITERAL_CONVERSION = YES;
				CLANG_WARN_OBJC_ROOT_CLASS = YES_ERROR;
				CLANG_WARN_RANGE_LOOP_ANALYSIS = YES;
				CLANG_WARN_STRICT_PROTOTYPES = YES;
				CLANG_WARN_SUSPICIOUS_MOVE = YES;
				CLANG_WARN_UNGUARDED_AVAILABILITY = YES_AGGRESSIVE;
				CLANG_WARN_UNREACHABLE_CODE = YES;
				CLANG_WARN__DUPLICATE_METHOD_MATCH = YES;
				COPY_PHASE_STRIP = NO;
				CURRENT_PROJECT_VERSION = 1;
				DEBUG_INFORMATION_FORMAT = dwarf;
				ENABLE_STRICT_OBJC_MSGSEND = YES;
				ENABLE_TESTABILITY = YES;
				GCC_C_LANGUAGE_STANDARD = gnu11;
				GCC_DYNAMIC_NO_PIC = NO;
				GCC_NO_COMMON_BLOCKS = YES;
				GCC_OPTIMIZATION_LEVEL = 0;
				GCC_PREPROCESSOR_DEFINITIONS = (
					"DEBUG=1",
					"$(inherited)",
				);
				GCC_WARN_64_TO_32_BIT_CONVERSION = YES;
				GCC_WARN_ABOUT_RETURN_TYPE = YES_ERROR;
				GCC_WARN_UNDECLARED_SELECTOR = YES;
				GCC_WARN_UNINITIALIZED_AUTOS = YES_AGGRESSIVE;
				GCC_WARN_UNUSED_FUNCTION = YES;
				GCC_WARN_UNUSED_VARIABLE = YES;
				IPHONEOS_DEPLOYMENT_TARGET = 13.0;
				MTL_ENABLE_DEBUG_INFO = INCLUDE_SOURCE;
				MTL_FAST_MATH = YES;
				ONLY_ACTIVE_ARCH = YES;
				SDKROOT = iphoneos;
				SWIFT_ACTIVE_COMPILATION_CONDITIONS = DEBUG;
				SWIFT_OPTIMIZATION_LEVEL = "-Onone";
				VERSIONING_SYSTEM = "apple-generic";
				VERSION_INFO_PREFIX = "";
			};
			name = Debug;
		};
		189ABC2A244556B2004B50AE /* Release */ = {
			isa = XCBuildConfiguration;
			buildSettings = {
				ALWAYS_SEARCH_USER_PATHS = NO;
				CLANG_ANALYZER_NONNULL = YES;
				CLANG_ANALYZER_NUMBER_OBJECT_CONVERSION = YES_AGGRESSIVE;
				CLANG_CXX_LANGUAGE_STANDARD = "gnu++14";
				CLANG_CXX_LIBRARY = "libc++";
				CLANG_ENABLE_MODULES = YES;
				CLANG_ENABLE_OBJC_ARC = YES;
				CLANG_ENABLE_OBJC_WEAK = YES;
				CLANG_WARN_BLOCK_CAPTURE_AUTORELEASING = YES;
				CLANG_WARN_BOOL_CONVERSION = YES;
				CLANG_WARN_COMMA = YES;
				CLANG_WARN_CONSTANT_CONVERSION = YES;
				CLANG_WARN_DEPRECATED_OBJC_IMPLEMENTATIONS = YES;
				CLANG_WARN_DIRECT_OBJC_ISA_USAGE = YES_ERROR;
				CLANG_WARN_DOCUMENTATION_COMMENTS = YES;
				CLANG_WARN_EMPTY_BODY = YES;
				CLANG_WARN_ENUM_CONVERSION = YES;
				CLANG_WARN_INFINITE_RECURSION = YES;
				CLANG_WARN_INT_CONVERSION = YES;
				CLANG_WARN_NON_LITERAL_NULL_CONVERSION = YES;
				CLANG_WARN_OBJC_IMPLICIT_RETAIN_SELF = YES;
				CLANG_WARN_OBJC_LITERAL_CONVERSION = YES;
				CLANG_WARN_OBJC_ROOT_CLASS = YES_ERROR;
				CLANG_WARN_RANGE_LOOP_ANALYSIS = YES;
				CLANG_WARN_STRICT_PROTOTYPES = YES;
				CLANG_WARN_SUSPICIOUS_MOVE = YES;
				CLANG_WARN_UNGUARDED_AVAILABILITY = YES_AGGRESSIVE;
				CLANG_WARN_UNREACHABLE_CODE = YES;
				CLANG_WARN__DUPLICATE_METHOD_MATCH = YES;
				COPY_PHASE_STRIP = NO;
				CURRENT_PROJECT_VERSION = 1;
				DEBUG_INFORMATION_FORMAT = "dwarf-with-dsym";
				ENABLE_NS_ASSERTIONS = NO;
				ENABLE_STRICT_OBJC_MSGSEND = YES;
				GCC_C_LANGUAGE_STANDARD = gnu11;
				GCC_NO_COMMON_BLOCKS = YES;
				GCC_WARN_64_TO_32_BIT_CONVERSION = YES;
				GCC_WARN_ABOUT_RETURN_TYPE = YES_ERROR;
				GCC_WARN_UNDECLARED_SELECTOR = YES;
				GCC_WARN_UNINITIALIZED_AUTOS = YES_AGGRESSIVE;
				GCC_WARN_UNUSED_FUNCTION = YES;
				GCC_WARN_UNUSED_VARIABLE = YES;
				IPHONEOS_DEPLOYMENT_TARGET = 13.0;
				MTL_ENABLE_DEBUG_INFO = NO;
				MTL_FAST_MATH = YES;
				SDKROOT = iphoneos;
				SWIFT_COMPILATION_MODE = wholemodule;
				SWIFT_OPTIMIZATION_LEVEL = "-O";
				VALIDATE_PRODUCT = YES;
				VERSIONING_SYSTEM = "apple-generic";
				VERSION_INFO_PREFIX = "";
			};
			name = Release;
		};
		189ABC2C244556B2004B50AE /* Debug */ = {
			isa = XCBuildConfiguration;
			baseConfigurationReference = B3E5C387E47EF8E36562F13F /* Pods-XSBase.debug.xcconfig */;
			buildSettings = {
				CLANG_ENABLE_MODULES = YES;
				CODE_SIGN_STYLE = Automatic;
				DEFINES_MODULE = YES;
				DYLIB_COMPATIBILITY_VERSION = 1;
				DYLIB_CURRENT_VERSION = 1;
				DYLIB_INSTALL_NAME_BASE = "@rpath";
				INFOPLIST_FILE = XSBase/Info.plist;
				INSTALL_PATH = "$(LOCAL_LIBRARY_DIR)/Frameworks";
				LD_RUNPATH_SEARCH_PATHS = (
					"$(inherited)",
					"@executable_path/Frameworks",
					"@loader_path/Frameworks",
				);
				MACH_O_TYPE = staticlib;
				PRODUCT_BUNDLE_IDENTIFIER = com.framework.XSBase;
				PRODUCT_NAME = "$(TARGET_NAME:c99extidentifier)";
				SKIP_INSTALL = YES;
				SWIFT_OPTIMIZATION_LEVEL = "-Onone";
				SWIFT_VERSION = 5.0;
				TARGETED_DEVICE_FAMILY = "1,2";
			};
			name = Debug;
		};
		189ABC2D244556B2004B50AE /* Release */ = {
			isa = XCBuildConfiguration;
			baseConfigurationReference = E37561300DB54E932CCEA1A4 /* Pods-XSBase.release.xcconfig */;
			buildSettings = {
				CLANG_ENABLE_MODULES = YES;
				CODE_SIGN_STYLE = Automatic;
				DEFINES_MODULE = YES;
				DYLIB_COMPATIBILITY_VERSION = 1;
				DYLIB_CURRENT_VERSION = 1;
				DYLIB_INSTALL_NAME_BASE = "@rpath";
				INFOPLIST_FILE = XSBase/Info.plist;
				INSTALL_PATH = "$(LOCAL_LIBRARY_DIR)/Frameworks";
				LD_RUNPATH_SEARCH_PATHS = (
					"$(inherited)",
					"@executable_path/Frameworks",
					"@loader_path/Frameworks",
				);
				MACH_O_TYPE = staticlib;
				PRODUCT_BUNDLE_IDENTIFIER = com.framework.XSBase;
				PRODUCT_NAME = "$(TARGET_NAME:c99extidentifier)";
				SKIP_INSTALL = YES;
				SWIFT_VERSION = 5.0;
				TARGETED_DEVICE_FAMILY = "1,2";
			};
			name = Release;
		};
/* End XCBuildConfiguration section */

/* Begin XCConfigurationList section */
		189ABC1D244556B2004B50AE /* Build configuration list for PBXProject "XSBase" */ = {
			isa = XCConfigurationList;
			buildConfigurations = (
				189ABC29244556B2004B50AE /* Debug */,
				189ABC2A244556B2004B50AE /* Release */,
			);
			defaultConfigurationIsVisible = 0;
			defaultConfigurationName = Release;
		};
		189ABC2B244556B2004B50AE /* Build configuration list for PBXNativeTarget "XSBase" */ = {
			isa = XCConfigurationList;
			buildConfigurations = (
				189ABC2C244556B2004B50AE /* Debug */,
				189ABC2D244556B2004B50AE /* Release */,
			);
			defaultConfigurationIsVisible = 0;
			defaultConfigurationName = Release;
		};
/* End XCConfigurationList section */
	};
	rootObject = 189ABC1A244556B2004B50AE /* Project object */;
}
